// !$*UTF8*$!
{
	archiveVersion = 1;
	classes = {
	};
	objectVersion = 56;
	objects = {

/* Begin PBXBuildFile section */
		FA7706852D8C8433007C0351 /* FirebaseCrashlytics in Frameworks */ = {isa = PBXBuildFile; productRef = FA7706842D8C8433007C0351 /* FirebaseCrashlytics */; };
		FAA887462D7AC5A700639E34 /* FirebaseAnalytics in Frameworks */ = {isa = PBXBuildFile; productRef = FAA887452D7AC5A700639E34 /* FirebaseAnalytics */; };
		FAA887482D7AC5A700639E34 /* FirebaseAuth in Frameworks */ = {isa = PBXBuildFile; productRef = FAA887472D7AC5A700639E34 /* FirebaseAuth */; };
		FAA8874A2D7AC5A700639E34 /* FirebaseFirestore in Frameworks */ = {isa = PBXBuildFile; productRef = FAA887492D7AC5A700639E34 /* FirebaseFirestore */; };
		FAFADF2D2D833C740042C3B4 /* Config.xcconfig in Resources */ = {isa = PBXBuildFile; fileRef = FAFADF2C2D833C740042C3B4 /* Config.xcconfig */; };
		FAFAE0442D834D1B0042C3B4 /* FirebaseMessaging in Frameworks */ = {isa = PBXBuildFile; productRef = FAFAE0432D834D1B0042C3B4 /* FirebaseMessaging */; };
/* End PBXBuildFile section */

/* Begin PBXContainerItemProxy section */
		FA0D6E4F2D7A24B000AF0365 /* PBXContainerItemProxy */ = {
			isa = PBXContainerItemProxy;
			containerPortal = FA0D6E352D7A24AF00AF0365 /* Project object */;
			proxyType = 1;
			remoteGlobalIDString = FA0D6E3C2D7A24AF00AF0365;
			remoteInfo = ParentingAssistant;
		};
		FA0D6E592D7A24B000AF0365 /* PBXContainerItemProxy */ = {
			isa = PBXContainerItemProxy;
			containerPortal = FA0D6E352D7A24AF00AF0365 /* Project object */;
			proxyType = 1;
			remoteGlobalIDString = FA0D6E3C2D7A24AF00AF0365;
			remoteInfo = ParentingAssistant;
		};
/* End PBXContainerItemProxy section */

/* Begin PBXFileReference section */
		FA0D6E3D2D7A24AF00AF0365 /* ParentingAssistant.app */ = {isa = PBXFileReference; explicitFileType = wrapper.application; includeInIndex = 0; path = ParentingAssistant.app; sourceTree = BUILT_PRODUCTS_DIR; };
		FA0D6E4E2D7A24B000AF0365 /* ParentingAssistantTests.xctest */ = {isa = PBXFileReference; explicitFileType = wrapper.cfbundle; includeInIndex = 0; path = ParentingAssistantTests.xctest; sourceTree = BUILT_PRODUCTS_DIR; };
		FA0D6E582D7A24B000AF0365 /* ParentingAssistantUITests.xctest */ = {isa = PBXFileReference; explicitFileType = wrapper.cfbundle; includeInIndex = 0; path = ParentingAssistantUITests.xctest; sourceTree = BUILT_PRODUCTS_DIR; };
		FAFADF2C2D833C740042C3B4 /* Config.xcconfig */ = {isa = PBXFileReference; lastKnownFileType = text.xcconfig; path = Config.xcconfig; sourceTree = "<group>"; };
/* End PBXFileReference section */

/* Begin PBXFileSystemSynchronizedBuildFileExceptionSet section */
		FAFADF2B2D833AC60042C3B4 /* Exceptions for "ParentingAssistant" folder in "ParentingAssistant" target */ = {
			isa = PBXFileSystemSynchronizedBuildFileExceptionSet;
			membershipExceptions = (
				Info.plist,
			);
			target = FA0D6E3C2D7A24AF00AF0365 /* ParentingAssistant */;
		};
/* End PBXFileSystemSynchronizedBuildFileExceptionSet section */

/* Begin PBXFileSystemSynchronizedRootGroup section */
		FA0D6E3F2D7A24AF00AF0365 /* ParentingAssistant */ = {
			isa = PBXFileSystemSynchronizedRootGroup;
			exceptions = (
				FAFADF2B2D833AC60042C3B4 /* Exceptions for "ParentingAssistant" folder in "ParentingAssistant" target */,
			);
			path = ParentingAssistant;
			sourceTree = "<group>";
		};
		FA0D6E512D7A24B000AF0365 /* ParentingAssistantTests */ = {
			isa = PBXFileSystemSynchronizedRootGroup;
			path = ParentingAssistantTests;
			sourceTree = "<group>";
		};
		FA0D6E5B2D7A24B000AF0365 /* ParentingAssistantUITests */ = {
			isa = PBXFileSystemSynchronizedRootGroup;
			path = ParentingAssistantUITests;
			sourceTree = "<group>";
		};
/* End PBXFileSystemSynchronizedRootGroup section */

/* Begin PBXFrameworksBuildPhase section */
		FA0D6E3A2D7A24AF00AF0365 /* Frameworks */ = {
			isa = PBXFrameworksBuildPhase;
			buildActionMask = 2147483647;
			files = (
				FAFAE0442D834D1B0042C3B4 /* FirebaseMessaging in Frameworks */,
				FAA887462D7AC5A700639E34 /* FirebaseAnalytics in Frameworks */,
				FA7706852D8C8433007C0351 /* FirebaseCrashlytics in Frameworks */,
				FAA887482D7AC5A700639E34 /* FirebaseAuth in Frameworks */,
				FAA8874A2D7AC5A700639E34 /* FirebaseFirestore in Frameworks */,
			);
			runOnlyForDeploymentPostprocessing = 0;
		};
		FA0D6E4B2D7A24B000AF0365 /* Frameworks */ = {
			isa = PBXFrameworksBuildPhase;
			buildActionMask = 2147483647;
			files = (
			);
			runOnlyForDeploymentPostprocessing = 0;
		};
		FA0D6E552D7A24B000AF0365 /* Frameworks */ = {
			isa = PBXFrameworksBuildPhase;
			buildActionMask = 2147483647;
			files = (
			);
			runOnlyForDeploymentPostprocessing = 0;
		};
/* End PBXFrameworksBuildPhase section */

/* Begin PBXGroup section */
		FA0D6E342D7A24AF00AF0365 = {
			isa = PBXGroup;
			children = (
				FAFADF2C2D833C740042C3B4 /* Config.xcconfig */,
				FA0D6E3F2D7A24AF00AF0365 /* ParentingAssistant */,
				FA0D6E512D7A24B000AF0365 /* ParentingAssistantTests */,
				FA0D6E5B2D7A24B000AF0365 /* ParentingAssistantUITests */,
				FA0D6E3E2D7A24AF00AF0365 /* Products */,
				FAA887442D7AC5A700639E34 /* Frameworks */,
			);
			sourceTree = "<group>";
		};
		FA0D6E3E2D7A24AF00AF0365 /* Products */ = {
			isa = PBXGroup;
			children = (
				FA0D6E3D2D7A24AF00AF0365 /* ParentingAssistant.app */,
				FA0D6E4E2D7A24B000AF0365 /* ParentingAssistantTests.xctest */,
				FA0D6E582D7A24B000AF0365 /* ParentingAssistantUITests.xctest */,
			);
			name = Products;
			sourceTree = "<group>";
		};
		FAA887442D7AC5A700639E34 /* Frameworks */ = {
			isa = PBXGroup;
			children = (
			);
			name = Frameworks;
			sourceTree = "<group>";
		};
/* End PBXGroup section */

/* Begin PBXNativeTarget section */
		FA0D6E3C2D7A24AF00AF0365 /* ParentingAssistant */ = {
			isa = PBXNativeTarget;
			buildConfigurationList = FA0D6E622D7A24B000AF0365 /* Build configuration list for PBXNativeTarget "ParentingAssistant" */;
			buildPhases = (
				FA0D6E392D7A24AF00AF0365 /* Sources */,
				FA0D6E3A2D7A24AF00AF0365 /* Frameworks */,
				FA0D6E3B2D7A24AF00AF0365 /* Resources */,
			);
			buildRules = (
			);
			dependencies = (
			);
			fileSystemSynchronizedGroups = (
				FA0D6E3F2D7A24AF00AF0365 /* ParentingAssistant */,
			);
			name = ParentingAssistant;
			packageProductDependencies = (
				FAA887452D7AC5A700639E34 /* FirebaseAnalytics */,
				FAA887472D7AC5A700639E34 /* FirebaseAuth */,
				FAA887492D7AC5A700639E34 /* FirebaseFirestore */,
				FAFAE0432D834D1B0042C3B4 /* FirebaseMessaging */,
				FA7706842D8C8433007C0351 /* FirebaseCrashlytics */,
			);
			productName = ParentingAssistant;
			productReference = FA0D6E3D2D7A24AF00AF0365 /* ParentingAssistant.app */;
			productType = "com.apple.product-type.application";
		};
		FA0D6E4D2D7A24B000AF0365 /* ParentingAssistantTests */ = {
			isa = PBXNativeTarget;
			buildConfigurationList = FA0D6E652D7A24B000AF0365 /* Build configuration list for PBXNativeTarget "ParentingAssistantTests" */;
			buildPhases = (
				FA0D6E4A2D7A24B000AF0365 /* Sources */,
				FA0D6E4B2D7A24B000AF0365 /* Frameworks */,
				FA0D6E4C2D7A24B000AF0365 /* Resources */,
			);
			buildRules = (
			);
			dependencies = (
				FA0D6E502D7A24B000AF0365 /* PBXTargetDependency */,
			);
			fileSystemSynchronizedGroups = (
				FA0D6E512D7A24B000AF0365 /* ParentingAssistantTests */,
			);
			name = ParentingAssistantTests;
			packageProductDependencies = (
			);
			productName = ParentingAssistantTests;
			productReference = FA0D6E4E2D7A24B000AF0365 /* ParentingAssistantTests.xctest */;
			productType = "com.apple.product-type.bundle.unit-test";
		};
		FA0D6E572D7A24B000AF0365 /* ParentingAssistantUITests */ = {
			isa = PBXNativeTarget;
			buildConfigurationList = FA0D6E682D7A24B000AF0365 /* Build configuration list for PBXNativeTarget "ParentingAssistantUITests" */;
			buildPhases = (
				FA0D6E542D7A24B000AF0365 /* Sources */,
				FA0D6E552D7A24B000AF0365 /* Frameworks */,
				FA0D6E562D7A24B000AF0365 /* Resources */,
			);
			buildRules = (
			);
			dependencies = (
				FA0D6E5A2D7A24B000AF0365 /* PBXTargetDependency */,
			);
			fileSystemSynchronizedGroups = (
				FA0D6E5B2D7A24B000AF0365 /* ParentingAssistantUITests */,
			);
			name = ParentingAssistantUITests;
			packageProductDependencies = (
			);
			productName = ParentingAssistantUITests;
			productReference = FA0D6E582D7A24B000AF0365 /* ParentingAssistantUITests.xctest */;
			productType = "com.apple.product-type.bundle.ui-testing";
		};
/* End PBXNativeTarget section */

/* Begin PBXProject section */
		FA0D6E352D7A24AF00AF0365 /* Project object */ = {
			isa = PBXProject;
			attributes = {
				BuildIndependentTargetsInParallel = 1;
				LastSwiftUpdateCheck = 1600;
				LastUpgradeCheck = 1600;
				TargetAttributes = {
					FA0D6E3C2D7A24AF00AF0365 = {
						CreatedOnToolsVersion = 16.0;
					};
					FA0D6E4D2D7A24B000AF0365 = {
						CreatedOnToolsVersion = 16.0;
						TestTargetID = FA0D6E3C2D7A24AF00AF0365;
					};
					FA0D6E572D7A24B000AF0365 = {
						CreatedOnToolsVersion = 16.0;
						TestTargetID = FA0D6E3C2D7A24AF00AF0365;
					};
				};
			};
			buildConfigurationList = FA0D6E382D7A24AF00AF0365 /* Build configuration list for PBXProject "ParentingAssistant" */;
			developmentRegion = en;
			hasScannedForEncodings = 0;
			knownRegions = (
				en,
				Base,
			);
			mainGroup = FA0D6E342D7A24AF00AF0365;
			minimizedProjectReferenceProxies = 1;
			packageReferences = (
				FA0D6EAD2D7ABF6400AF0365 /* XCRemoteSwiftPackageReference "firebase-ios-sdk" */,
			);
			preferredProjectObjectVersion = 77;
			productRefGroup = FA0D6E3E2D7A24AF00AF0365 /* Products */;
			projectDirPath = "";
			projectRoot = "";
			targets = (
				FA0D6E3C2D7A24AF00AF0365 /* ParentingAssistant */,
				FA0D6E4D2D7A24B000AF0365 /* ParentingAssistantTests */,
				FA0D6E572D7A24B000AF0365 /* ParentingAssistantUITests */,
			);
		};
/* End PBXProject section */

/* Begin PBXResourcesBuildPhase section */
		FA0D6E3B2D7A24AF00AF0365 /* Resources */ = {
			isa = PBXResourcesBuildPhase;
			buildActionMask = 2147483647;
			files = (
				FAFADF2D2D833C740042C3B4 /* Config.xcconfig in Resources */,
			);
			runOnlyForDeploymentPostprocessing = 0;
		};
		FA0D6E4C2D7A24B000AF0365 /* Resources */ = {
			isa = PBXResourcesBuildPhase;
			buildActionMask = 2147483647;
			files = (
			);
			runOnlyForDeploymentPostprocessing = 0;
		};
		FA0D6E562D7A24B000AF0365 /* Resources */ = {
			isa = PBXResourcesBuildPhase;
			buildActionMask = 2147483647;
			files = (
			);
			runOnlyForDeploymentPostprocessing = 0;
		};
/* End PBXResourcesBuildPhase section */

/* Begin PBXSourcesBuildPhase section */
		FA0D6E392D7A24AF00AF0365 /* Sources */ = {
			isa = PBXSourcesBuildPhase;
			buildActionMask = 2147483647;
			files = (
			);
			runOnlyForDeploymentPostprocessing = 0;
		};
		FA0D6E4A2D7A24B000AF0365 /* Sources */ = {
			isa = PBXSourcesBuildPhase;
			buildActionMask = 2147483647;
			files = (
			);
			runOnlyForDeploymentPostprocessing = 0;
		};
		FA0D6E542D7A24B000AF0365 /* Sources */ = {
			isa = PBXSourcesBuildPhase;
			buildActionMask = 2147483647;
			files = (
			);
			runOnlyForDeploymentPostprocessing = 0;
		};
/* End PBXSourcesBuildPhase section */

/* Begin PBXTargetDependency section */
		FA0D6E502D7A24B000AF0365 /* PBXTargetDependency */ = {
			isa = PBXTargetDependency;
			target = FA0D6E3C2D7A24AF00AF0365 /* ParentingAssistant */;
			targetProxy = FA0D6E4F2D7A24B000AF0365 /* PBXContainerItemProxy */;
		};
		FA0D6E5A2D7A24B000AF0365 /* PBXTargetDependency */ = {
			isa = PBXTargetDependency;
			target = FA0D6E3C2D7A24AF00AF0365 /* ParentingAssistant */;
			targetProxy = FA0D6E592D7A24B000AF0365 /* PBXContainerItemProxy */;
		};
/* End PBXTargetDependency section */

/* Begin XCBuildConfiguration section */
		FA0D6E602D7A24B000AF0365 /* Debug */ = {
			isa = XCBuildConfiguration;
			baseConfigurationReference = FAFADF2C2D833C740042C3B4 /* Config.xcconfig */;
			buildSettings = {
				ALWAYS_SEARCH_USER_PATHS = NO;
				ASSETCATALOG_COMPILER_GENERATE_SWIFT_ASSET_SYMBOL_EXTENSIONS = YES;
				CLANG_ANALYZER_NONNULL = YES;
				CLANG_ANALYZER_NUMBER_OBJECT_CONVERSION = YES_AGGRESSIVE;
				CLANG_CXX_LANGUAGE_STANDARD = "gnu++20";
				CLANG_ENABLE_MODULES = YES;
				CLANG_ENABLE_OBJC_ARC = YES;
				CLANG_ENABLE_OBJC_WEAK = YES;
				CLANG_WARN_BLOCK_CAPTURE_AUTORELEASING = YES;
				CLANG_WARN_BOOL_CONVERSION = YES;
				CLANG_WARN_COMMA = YES;
				CLANG_WARN_CONSTANT_CONVERSION = YES;
				CLANG_WARN_DEPRECATED_OBJC_IMPLEMENTATIONS = YES;
				CLANG_WARN_DIRECT_OBJC_ISA_USAGE = YES_ERROR;
				CLANG_WARN_DOCUMENTATION_COMMENTS = YES;
				CLANG_WARN_EMPTY_BODY = YES;
				CLANG_WARN_ENUM_CONVERSION = YES;
				CLANG_WARN_INFINITE_RECURSION = YES;
				CLANG_WARN_INT_CONVERSION = YES;
				CLANG_WARN_NON_LITERAL_NULL_CONVERSION = YES;
				CLANG_WARN_OBJC_IMPLICIT_RETAIN_SELF = YES;
				CLANG_WARN_OBJC_LITERAL_CONVERSION = YES;
				CLANG_WARN_OBJC_ROOT_CLASS = YES_ERROR;
				CLANG_WARN_QUOTED_INCLUDE_IN_FRAMEWORK_HEADER = YES;
				CLANG_WARN_RANGE_LOOP_ANALYSIS = YES;
				CLANG_WARN_STRICT_PROTOTYPES = YES;
				CLANG_WARN_SUSPICIOUS_MOVE = YES;
				CLANG_WARN_UNGUARDED_AVAILABILITY = YES_AGGRESSIVE;
				CLANG_WARN_UNREACHABLE_CODE = YES;
				CLANG_WARN__DUPLICATE_METHOD_MATCH = YES;
				COPY_PHASE_STRIP = NO;
				DEBUG_INFORMATION_FORMAT = dwarf;
				ENABLE_STRICT_OBJC_MSGSEND = YES;
				ENABLE_TESTABILITY = YES;
				ENABLE_USER_SCRIPT_SANDBOXING = YES;
				GCC_C_LANGUAGE_STANDARD = gnu17;
				GCC_DYNAMIC_NO_PIC = NO;
				GCC_NO_COMMON_BLOCKS = YES;
				GCC_OPTIMIZATION_LEVEL = 0;
				GCC_PREPROCESSOR_DEFINITIONS = (
					"DEBUG=1",
					"$(inherited)",
				);
				GCC_WARN_64_TO_32_BIT_CONVERSION = YES;
				GCC_WARN_ABOUT_RETURN_TYPE = YES_ERROR;
				GCC_WARN_UNDECLARED_SELECTOR = YES;
				GCC_WARN_UNINITIALIZED_AUTOS = YES_AGGRESSIVE;
				GCC_WARN_UNUSED_FUNCTION = YES;
				GCC_WARN_UNUSED_VARIABLE = YES;
				LOCALIZATION_PREFERS_STRING_CATALOGS = YES;
				MTL_ENABLE_DEBUG_INFO = INCLUDE_SOURCE;
				MTL_FAST_MATH = YES;
				ONLY_ACTIVE_ARCH = YES;
				SWIFT_ACTIVE_COMPILATION_CONDITIONS = "DEBUG $(inherited)";
				SWIFT_OPTIMIZATION_LEVEL = "-Onone";
			};
			name = Debug;
		};
		FA0D6E612D7A24B000AF0365 /* Release */ = {
			isa = XCBuildConfiguration;
			baseConfigurationReference = FAFADF2C2D833C740042C3B4 /* Config.xcconfig */;
			buildSettings = {
				ALWAYS_SEARCH_USER_PATHS = NO;
				ASSETCATALOG_COMPILER_GENERATE_SWIFT_ASSET_SYMBOL_EXTENSIONS = YES;
				CLANG_ANALYZER_NONNULL = YES;
				CLANG_ANALYZER_NUMBER_OBJECT_CONVERSION = YES_AGGRESSIVE;
				CLANG_CXX_LANGUAGE_STANDARD = "gnu++20";
				CLANG_ENABLE_MODULES = YES;
				CLANG_ENABLE_OBJC_ARC = YES;
				CLANG_ENABLE_OBJC_WEAK = YES;
				CLANG_WARN_BLOCK_CAPTURE_AUTORELEASING = YES;
				CLANG_WARN_BOOL_CONVERSION = YES;
				CLANG_WARN_COMMA = YES;
				CLANG_WARN_CONSTANT_CONVERSION = YES;
				CLANG_WARN_DEPRECATED_OBJC_IMPLEMENTATIONS = YES;
				CLANG_WARN_DIRECT_OBJC_ISA_USAGE = YES_ERROR;
				CLANG_WARN_DOCUMENTATION_COMMENTS = YES;
				CLANG_WARN_EMPTY_BODY = YES;
				CLANG_WARN_ENUM_CONVERSION = YES;
				CLANG_WARN_INFINITE_RECURSION = YES;
				CLANG_WARN_INT_CONVERSION = YES;
				CLANG_WARN_NON_LITERAL_NULL_CONVERSION = YES;
				CLANG_WARN_OBJC_IMPLICIT_RETAIN_SELF = YES;
				CLANG_WARN_OBJC_LITERAL_CONVERSION = YES;
				CLANG_WARN_OBJC_ROOT_CLASS = YES_ERROR;
				CLANG_WARN_QUOTED_INCLUDE_IN_FRAMEWORK_HEADER = YES;
				CLANG_WARN_RANGE_LOOP_ANALYSIS = YES;
				CLANG_WARN_STRICT_PROTOTYPES = YES;
				CLANG_WARN_SUSPICIOUS_MOVE = YES;
				CLANG_WARN_UNGUARDED_AVAILABILITY = YES_AGGRESSIVE;
				CLANG_WARN_UNREACHABLE_CODE = YES;
				CLANG_WARN__DUPLICATE_METHOD_MATCH = YES;
				COPY_PHASE_STRIP = NO;
				DEBUG_INFORMATION_FORMAT = "dwarf-with-dsym";
				ENABLE_NS_ASSERTIONS = NO;
				ENABLE_STRICT_OBJC_MSGSEND = YES;
				ENABLE_USER_SCRIPT_SANDBOXING = YES;
				GCC_C_LANGUAGE_STANDARD = gnu17;
				GCC_NO_COMMON_BLOCKS = YES;
				GCC_WARN_64_TO_32_BIT_CONVERSION = YES;
				GCC_WARN_ABOUT_RETURN_TYPE = YES_ERROR;
				GCC_WARN_UNDECLARED_SELECTOR = YES;
				GCC_WARN_UNINITIALIZED_AUTOS = YES_AGGRESSIVE;
				GCC_WARN_UNUSED_FUNCTION = YES;
				GCC_WARN_UNUSED_VARIABLE = YES;
				LOCALIZATION_PREFERS_STRING_CATALOGS = YES;
				MTL_ENABLE_DEBUG_INFO = NO;
				MTL_FAST_MATH = YES;
				SWIFT_COMPILATION_MODE = wholemodule;
			};
			name = Release;
		};
		FA0D6E632D7A24B000AF0365 /* Debug */ = {
			isa = XCBuildConfiguration;
			baseConfigurationReference = FAFADF2C2D833C740042C3B4 /* Config.xcconfig */;
			buildSettings = {
				ASSETCATALOG_COMPILER_APPICON_NAME = AppIcon;
				ASSETCATALOG_COMPILER_GLOBAL_ACCENT_COLOR_NAME = AccentColor;
				CODE_SIGN_ENTITLEMENTS = ParentingAssistant/ParentingAssistant.entitlements;
				CODE_SIGN_STYLE = Automatic;
				CURRENT_PROJECT_VERSION = 1;
				DEVELOPMENT_ASSET_PATHS = "\"ParentingAssistant/Preview Content\"";
				DEVELOPMENT_TEAM = VMXQN9K3P2;
				ENABLE_HARDENED_RUNTIME = YES;
				ENABLE_PREVIEWS = YES;
				GENERATE_INFOPLIST_FILE = YES;
				"INFOPLIST_KEY_UIApplicationSceneManifest_Generation[sdk=iphoneos*]" = YES;
				"INFOPLIST_KEY_UIApplicationSceneManifest_Generation[sdk=iphonesimulator*]" = YES;
				"INFOPLIST_KEY_UIApplicationSupportsIndirectInputEvents[sdk=iphoneos*]" = YES;
				"INFOPLIST_KEY_UIApplicationSupportsIndirectInputEvents[sdk=iphonesimulator*]" = YES;
				"INFOPLIST_KEY_UILaunchScreen_Generation[sdk=iphoneos*]" = YES;
				"INFOPLIST_KEY_UILaunchScreen_Generation[sdk=iphonesimulator*]" = YES;
				"INFOPLIST_KEY_UIStatusBarStyle[sdk=iphoneos*]" = UIStatusBarStyleDefault;
				"INFOPLIST_KEY_UIStatusBarStyle[sdk=iphonesimulator*]" = UIStatusBarStyleDefault;
				INFOPLIST_KEY_UISupportedInterfaceOrientations_iPad = "UIInterfaceOrientationPortrait UIInterfaceOrientationPortraitUpsideDown UIInterfaceOrientationLandscapeLeft UIInterfaceOrientationLandscapeRight";
				INFOPLIST_KEY_UISupportedInterfaceOrientations_iPhone = "UIInterfaceOrientationPortrait UIInterfaceOrientationLandscapeLeft UIInterfaceOrientationLandscapeRight";
				IPHONEOS_DEPLOYMENT_TARGET = 18.0;
				LD_RUNPATH_SEARCH_PATHS = "@executable_path/Frameworks";
				"LD_RUNPATH_SEARCH_PATHS[sdk=macosx*]" = "@executable_path/../Frameworks";
				MACOSX_DEPLOYMENT_TARGET = 15.0;
				MARKETING_VERSION = 1.0;
				PRODUCT_BUNDLE_IDENTIFIER = ParentingAssistant.ParentingAssistant;
				PRODUCT_NAME = "$(TARGET_NAME)";
				SDKROOT = auto;
				SUPPORTED_PLATFORMS = "iphoneos iphonesimulator macosx xros xrsimulator";
				SWIFT_EMIT_LOC_STRINGS = YES;
				SWIFT_VERSION = 5.0;
				TARGETED_DEVICE_FAMILY = "1,2,7";
				XROS_DEPLOYMENT_TARGET = 2.0;
			};
			name = Debug;
		};
		FA0D6E642D7A24B000AF0365 /* Release */ = {
			isa = XCBuildConfiguration;
			baseConfigurationReference = FAFADF2C2D833C740042C3B4 /* Config.xcconfig */;
			buildSettings = {
				ASSETCATALOG_COMPILER_APPICON_NAME = AppIcon;
				ASSETCATALOG_COMPILER_GLOBAL_ACCENT_COLOR_NAME = AccentColor;
				CODE_SIGN_ENTITLEMENTS = ParentingAssistant/ParentingAssistant.entitlements;
				CODE_SIGN_STYLE = Automatic;
				CURRENT_PROJECT_VERSION = 1;
				DEVELOPMENT_ASSET_PATHS = "\"ParentingAssistant/Preview Content\"";
				DEVELOPMENT_TEAM = VMXQN9K3P2;
				ENABLE_HARDENED_RUNTIME = YES;
				ENABLE_PREVIEWS = YES;
				GENERATE_INFOPLIST_FILE = YES;
				"INFOPLIST_KEY_UIApplicationSceneManifest_Generation[sdk=iphoneos*]" = YES;
				"INFOPLIST_KEY_UIApplicationSceneManifest_Generation[sdk=iphonesimulator*]" = YES;
				"INFOPLIST_KEY_UIApplicationSupportsIndirectInputEvents[sdk=iphoneos*]" = YES;
				"INFOPLIST_KEY_UIApplicationSupportsIndirectInputEvents[sdk=iphonesimulator*]" = YES;
				"INFOPLIST_KEY_UILaunchScreen_Generation[sdk=iphoneos*]" = YES;
				"INFOPLIST_KEY_UILaunchScreen_Generation[sdk=iphonesimulator*]" = YES;
				"INFOPLIST_KEY_UIStatusBarStyle[sdk=iphoneos*]" = UIStatusBarStyleDefault;
				"INFOPLIST_KEY_UIStatusBarStyle[sdk=iphonesimulator*]" = UIStatusBarStyleDefault;
				INFOPLIST_KEY_UISupportedInterfaceOrientations_iPad = "UIInterfaceOrientationPortrait UIInterfaceOrientationPortraitUpsideDown UIInterfaceOrientationLandscapeLeft UIInterfaceOrientationLandscapeRight";
				INFOPLIST_KEY_UISupportedInterfaceOrientations_iPhone = "UIInterfaceOrientationPortrait UIInterfaceOrientationLandscapeLeft UIInterfaceOrientationLandscapeRight";
				IPHONEOS_DEPLOYMENT_TARGET = 18.0;
				LD_RUNPATH_SEARCH_PATHS = "@executable_path/Frameworks";
				"LD_RUNPATH_SEARCH_PATHS[sdk=macosx*]" = "@executable_path/../Frameworks";
				MACOSX_DEPLOYMENT_TARGET = 15.0;
				MARKETING_VERSION = 1.0;
				PRODUCT_BUNDLE_IDENTIFIER = ParentingAssistant.ParentingAssistant;
				PRODUCT_NAME = "$(TARGET_NAME)";
				SDKROOT = auto;
				SUPPORTED_PLATFORMS = "iphoneos iphonesimulator macosx xros xrsimulator";
				SWIFT_EMIT_LOC_STRINGS = YES;
				SWIFT_VERSION = 5.0;
				TARGETED_DEVICE_FAMILY = "1,2,7";
				XROS_DEPLOYMENT_TARGET = 2.0;
			};
			name = Release;
		};
		FA0D6E662D7A24B000AF0365 /* Debug */ = {
			isa = XCBuildConfiguration;
			buildSettings = {
				BUNDLE_LOADER = "$(TEST_HOST)";
				CODE_SIGN_STYLE = Automatic;
				CURRENT_PROJECT_VERSION = 1;
				DEVELOPMENT_TEAM = VMXQN9K3P2;
				GENERATE_INFOPLIST_FILE = YES;
				IPHONEOS_DEPLOYMENT_TARGET = 18.0;
				MACOSX_DEPLOYMENT_TARGET = 15.0;
				MARKETING_VERSION = 1.0;
				PRODUCT_BUNDLE_IDENTIFIER = ParentingAssistant.ParentingAssistantTests;
				PRODUCT_NAME = "$(TARGET_NAME)";
				SDKROOT = auto;
				SUPPORTED_PLATFORMS = "iphoneos iphonesimulator macosx xros xrsimulator";
				SWIFT_EMIT_LOC_STRINGS = NO;
				SWIFT_VERSION = 5.0;
				TARGETED_DEVICE_FAMILY = "1,2,7";
				TEST_HOST = "$(BUILT_PRODUCTS_DIR)/ParentingAssistant.app/$(BUNDLE_EXECUTABLE_FOLDER_PATH)/ParentingAssistant";
				XROS_DEPLOYMENT_TARGET = 2.0;
			};
			name = Debug;
		};
		FA0D6E672D7A24B000AF0365 /* Release */ = {
			isa = XCBuildConfiguration;
			buildSettings = {
				BUNDLE_LOADER = "$(TEST_HOST)";
				CODE_SIGN_STYLE = Automatic;
				CURRENT_PROJECT_VERSION = 1;
				DEVELOPMENT_TEAM = VMXQN9K3P2;
				GENERATE_INFOPLIST_FILE = YES;
				IPHONEOS_DEPLOYMENT_TARGET = 18.0;
				MACOSX_DEPLOYMENT_TARGET = 15.0;
				MARKETING_VERSION = 1.0;
				PRODUCT_BUNDLE_IDENTIFIER = ParentingAssistant.ParentingAssistantTests;
				PRODUCT_NAME = "$(TARGET_NAME)";
				SDKROOT = auto;
				SUPPORTED_PLATFORMS = "iphoneos iphonesimulator macosx xros xrsimulator";
				SWIFT_EMIT_LOC_STRINGS = NO;
				SWIFT_VERSION = 5.0;
				TARGETED_DEVICE_FAMILY = "1,2,7";
				TEST_HOST = "$(BUILT_PRODUCTS_DIR)/ParentingAssistant.app/$(BUNDLE_EXECUTABLE_FOLDER_PATH)/ParentingAssistant";
				XROS_DEPLOYMENT_TARGET = 2.0;
			};
			name = Release;
		};
		FA0D6E692D7A24B000AF0365 /* Debug */ = {
			isa = XCBuildConfiguration;
			buildSettings = {
				CODE_SIGN_STYLE = Automatic;
				CURRENT_PROJECT_VERSION = 1;
				DEVELOPMENT_TEAM = VMXQN9K3P2;
				GENERATE_INFOPLIST_FILE = YES;
				IPHONEOS_DEPLOYMENT_TARGET = 18.0;
				MACOSX_DEPLOYMENT_TARGET = 15.0;
				MARKETING_VERSION = 1.0;
				PRODUCT_BUNDLE_IDENTIFIER = ParentingAssistant.ParentingAssistantUITests;
				PRODUCT_NAME = "$(TARGET_NAME)";
				SDKROOT = auto;
				SUPPORTED_PLATFORMS = "iphoneos iphonesimulator macosx xros xrsimulator";
				SWIFT_EMIT_LOC_STRINGS = NO;
				SWIFT_VERSION = 5.0;
				TARGETED_DEVICE_FAMILY = "1,2,7";
				TEST_TARGET_NAME = ParentingAssistant;
				XROS_DEPLOYMENT_TARGET = 2.0;
			};
			name = Debug;
		};
		FA0D6E6A2D7A24B000AF0365 /* Release */ = {
			isa = XCBuildConfiguration;
			buildSettings = {
				CODE_SIGN_STYLE = Automatic;
				CURRENT_PROJECT_VERSION = 1;
				DEVELOPMENT_TEAM = VMXQN9K3P2;
				GENERATE_INFOPLIST_FILE = YES;
				IPHONEOS_DEPLOYMENT_TARGET = 18.0;
				MACOSX_DEPLOYMENT_TARGET = 15.0;
				MARKETING_VERSION = 1.0;
				PRODUCT_BUNDLE_IDENTIFIER = ParentingAssistant.ParentingAssistantUITests;
				PRODUCT_NAME = "$(TARGET_NAME)";
				SDKROOT = auto;
				SUPPORTED_PLATFORMS = "iphoneos iphonesimulator macosx xros xrsimulator";
				SWIFT_EMIT_LOC_STRINGS = NO;
				SWIFT_VERSION = 5.0;
				TARGETED_DEVICE_FAMILY = "1,2,7";
				TEST_TARGET_NAME = ParentingAssistant;
				XROS_DEPLOYMENT_TARGET = 2.0;
			};
			name = Release;
		};
/* End XCBuildConfiguration section */

/* Begin XCConfigurationList section */
		FA0D6E382D7A24AF00AF0365 /* Build configuration list for PBXProject "ParentingAssistant" */ = {
			isa = XCConfigurationList;
			buildConfigurations = (
				FA0D6E602D7A24B000AF0365 /* Debug */,
				FA0D6E612D7A24B000AF0365 /* Release */,
			);
			defaultConfigurationIsVisible = 0;
			defaultConfigurationName = Release;
		};
		FA0D6E622D7A24B000AF0365 /* Build configuration list for PBXNativeTarget "ParentingAssistant" */ = {
			isa = XCConfigurationList;
			buildConfigurations = (
				FA0D6E632D7A24B000AF0365 /* Debug */,
				FA0D6E642D7A24B000AF0365 /* Release */,
			);
			defaultConfigurationIsVisible = 0;
			defaultConfigurationName = Release;
		};
		FA0D6E652D7A24B000AF0365 /* Build configuration list for PBXNativeTarget "ParentingAssistantTests" */ = {
			isa = XCConfigurationList;
			buildConfigurations = (
				FA0D6E662D7A24B000AF0365 /* Debug */,
				FA0D6E672D7A24B000AF0365 /* Release */,
			);
			defaultConfigurationIsVisible = 0;
			defaultConfigurationName = Release;
		};
		FA0D6E682D7A24B000AF0365 /* Build configuration list for PBXNativeTarget "ParentingAssistantUITests" */ = {
			isa = XCConfigurationList;
			buildConfigurations = (
				FA0D6E692D7A24B000AF0365 /* Debug */,
				FA0D6E6A2D7A24B000AF0365 /* Release */,
			);
			defaultConfigurationIsVisible = 0;
			defaultConfigurationName = Release;
		};
/* End XCConfigurationList section */

/* Begin XCRemoteSwiftPackageReference section */
		FA0D6EAD2D7ABF6400AF0365 /* XCRemoteSwiftPackageReference "firebase-ios-sdk" */ = {
			isa = XCRemoteSwiftPackageReference;
			repositoryURL = "https://github.com/firebase/firebase-ios-sdk";
			requirement = {
				kind = upToNextMajorVersion;
				minimumVersion = 11.9.0;
			};
		};
/* End XCRemoteSwiftPackageReference section */

/* Begin XCSwiftPackageProductDependency section */
		FA7706842D8C8433007C0351 /* FirebaseCrashlytics */ = {
			isa = XCSwiftPackageProductDependency;
			package = FA0D6EAD2D7ABF6400AF0365 /* XCRemoteSwiftPackageReference "firebase-ios-sdk" */;
			productName = FirebaseCrashlytics;
		};
		FAA887452D7AC5A700639E34 /* FirebaseAnalytics */ = {
			isa = XCSwiftPackageProductDependency;
			package = FA0D6EAD2D7ABF6400AF0365 /* XCRemoteSwiftPackageReference "firebase-ios-sdk" */;
			productName = FirebaseAnalytics;
		};
		FAA887472D7AC5A700639E34 /* FirebaseAuth */ = {
			isa = XCSwiftPackageProductDependency;
			package = FA0D6EAD2D7ABF6400AF0365 /* XCRemoteSwiftPackageReference "firebase-ios-sdk" */;
			productName = FirebaseAuth;
		};
		FAA887492D7AC5A700639E34 /* FirebaseFirestore */ = {
			isa = XCSwiftPackageProductDependency;
			package = FA0D6EAD2D7ABF6400AF0365 /* XCRemoteSwiftPackageReference "firebase-ios-sdk" */;
			productName = FirebaseFirestore;
		};
		FAFAE0432D834D1B0042C3B4 /* FirebaseMessaging */ = {
			isa = XCSwiftPackageProductDependency;
			package = FA0D6EAD2D7ABF6400AF0365 /* XCRemoteSwiftPackageReference "firebase-ios-sdk" */;
			productName = FirebaseMessaging;
		};
/* End XCSwiftPackageProductDependency section */
	};
	rootObject = FA0D6E352D7A24AF00AF0365 /* Project object */;
}
